{
  "name": "playwright-template",
  "lockfileVersion": 3,
  "requires": true,
  "packages": {
    "": {
      "dependencies": {
        "@playwright/test": "~1.62.1",
        "@wopee-io/wopee.pw": "^4.25.1",
        "dotenv": "^16.4.5",
        "typescript": "^5.8.3"
      },
      "devDependencies": {
        "@types/node": "^24.2.1"
      }
    },
    "node_modules/@playwright/test": {
      "version": "1.62.1",
      "resolved": "https://registry.npmjs.org/@playwright/test/-/test-1.62.1.tgz",
      "integrity": "sha512-DTcUc8qii+cpHvtOwggMtBRMjKZHXYWdw8syRYu2vtzuq4Wxphqq4NfCs5Zt44L6mA8rfDfj+PHnxFc/FeK6mQ==",
      "license": "Apache-2.0",
      "dependencies": {
        "playwright": "1.62.1"
      },
      "bin": {
        "playwright": "cli.js"
      },
      "engines": {
        "node": ">=20"
      }
    },
    "node_modules/@types/node": {
      "version": "24.13.3",
      "resolved": "https://registry.npmjs.org/@types/node/-/node-24.13.3.tgz",
      "integrity": "sha512-Dh8vAsV36ig5wa9OX4pXvMc9D3Veibfw2wix0CUwYODLD8nkj9UsLjASr49nPg+2eKzxhBV+v7L8pXvT4e639Q==",
      "dev": true,
      "license": "MIT",
      "dependencies": {
        "undici-types": "~7.18.0"
      }
    },
    "node_modules/@wopee-io/wopee.pw": {
      "version": "4.25.1",
      "resolved": "https://registry.npmjs.org/@wopee-io/wopee.pw/-/wopee.pw-4.25.1.tgz",
      "integrity": "sha512-uhCyc9cnkd9FpunFAW7p4aFUG0yVkX6nzbnQ1CpgnXsD9e0GTSvHazifnCqDfTGeqwuo+LXdXTkavjyAbhJ9kA==",
      "bundleDependencies": [
        "@autonomous-testing/sdk"
      ],
      "license": "PROPRIETARY",
      "dependencies": {
        "@autonomous-testing/sdk": "3.9.0",
        "axios": "^1.20.0",
        "dotenv": "^16.6.1",
        "http-proxy-agent": "^7.0.2",
        "https-proxy-agent": "^7.0.6",
        "lodash": "^4.18.1",
        "proxy-from-env": "^2.1.0",
        "zod": "^3.25.76"
      },
      "engines": {
        "node": ">=20"
      },
      "peerDependencies": {
        "@playwright/test": ">=1.43 <2"
      },
      "peerDependenciesMeta": {
        "@playwright/test": {
          "optional": true
        }
      }
    },
    "node_modules/@wopee-io/wopee.pw/node_modules/@autonomous-testing/sdk": {
      "version": "3.9.0",
      "inBundle": true,
      "license": "PROPRIETARY",
      "dependencies": {
        "axios": "^1.20.0",
        "dotenv": "^16.6.1",
        "http-proxy-agent": "^7.0.2",
        "https-proxy-agent": "^7.0.6",
        "lodash": "^4.18.1",
        "proxy-from-env": "^2.1.0",
        "zod": "^3.25.76"
      },
      "engines": {
        "node": ">=20"
      }
    },
    "node_modules/@wopee-io/wopee.pw/node_modules/agent-base": {
      "version": "7.1.4",
      "inBundle": true,
      "license": "MIT",
      "engines": {
        "node": ">= 14"
      }
    },
    "node_modules/@wopee-io/wopee.pw/node_modules/asynckit": {
      "version": "0.4.0",
      "inBundle": true,
      "license": "MIT"
    },
    "node_modules/@wopee-io/wopee.pw/node_modules/axios": {
      "version": "1.20.0",
      "inBundle": true,
      "license": "MIT",
      "dependencies": {
        "follow-redirects": "^1.16.0",
        "form-data": "^4.0.6",
        "https-proxy-agent": "^5.0.1",
        "proxy-from-env": "^2.1.0"
      }
    },
    "node_modules/@wopee-io/wopee.pw/node_modules/axios/node_modules/agent-base": {
      "version": "6.0.2",
      "inBundle": true,
      "license": "MIT",
      "dependencies": {
        "debug": "4"
      },
      "engines": {
        "node": ">= 6.0.0"
      }
    },
    "node_modules/@wopee-io/wopee.pw/node_modules/axios/node_modules/https-proxy-agent": {
      "version": "5.0.1",
      "inBundle": true,
      "license": "MIT",
      "dependencies": {
        "agent-base": "6",
        "debug": "4"
      },
      "engines": {
        "node": ">= 6"
      }
    },
    "node_modules/@wopee-io/wopee.pw/node_modules/call-bind-apply-helpers": {
      "version": "1.0.2",
      "inBundle": true,
      "license": "MIT",
      "dependencies": {
        "es-errors": "^1.3.0",
        "function-bind": "^1.1.2"
      },
      "engines": {
        "node": ">= 0.4"
      }
    },
    "node_modules/@wopee-io/wopee.pw/node_modules/combined-stream": {
      "version": "1.0.8",
      "inBundle": true,
      "license": "MIT",
      "dependencies": {
        "delayed-stream": "~1.0.0"
      },
      "engines": {
        "node": ">= 0.8"
      }
    },
    "node_modules/@wopee-io/wopee.pw/node_modules/debug": {
      "version": "4.4.3",
      "inBundle": true,
      "license": "MIT",
      "dependencies": {
        "ms": "^2.1.3"
      },
      "engines": {
        "node": ">=6.0"
      },
      "peerDependenciesMeta": {
        "supports-color": {
          "optional": true
        }
      }
    },
    "node_modules/@wopee-io/wopee.pw/node_modules/delayed-stream": {
      "version": "1.0.0",
      "inBundle": true,
      "license": "MIT",
      "engines": {
        "node": ">=0.4.0"
      }
    },
    "node_modules/@wopee-io/wopee.pw/node_modules/dotenv": {
      "version": "16.6.1",
      "inBundle": true,
      "license": "BSD-2-Clause",
      "engines": {
        "node": ">=12"
      },
      "funding": {
        "url": "https://dotenvx.com"
      }
    },
    "node_modules/@wopee-io/wopee.pw/node_modules/dunder-proto": {
      "version": "1.0.1",
      "inBundle": true,
      "license": "MIT",
      "dependencies": {
        "call-bind-apply-helpers": "^1.0.1",
        "es-errors": "^1.3.0",
        "gopd": "^1.2.0"
      },
      "engines": {
        "node": ">= 0.4"
      }
    },
    "node_modules/@wopee-io/wopee.pw/node_modules/es-define-property": {
      "version": "1.0.1",
      "inBundle": true,
      "license": "MIT",
      "engines": {
        "node": ">= 0.4"
      }
    },
    "node_modules/@wopee-io/wopee.pw/node_modules/es-errors": {
      "version": "1.3.0",
      "inBundle": true,
      "license": "MIT",
      "engines": {
        "node": ">= 0.4"
      }
    },
    "node_modules/@wopee-io/wopee.pw/node_modules/es-object-atoms": {
      "version": "1.1.2",
      "inBundle": true,
      "license": "MIT",
      "dependencies": {
        "es-errors": "^1.3.0"
      },
      "engines": {
        "node": ">= 0.4"
      }
    },
    "node_modules/@wopee-io/wopee.pw/node_modules/es-set-tostringtag": {
      "version": "2.1.0",
      "inBundle": true,
      "license": "MIT",
      "dependencies": {
        "es-errors": "^1.3.0",
        "get-intrinsic": "^1.2.6",
        "has-tostringtag": "^1.0.2",
        "hasown": "^2.0.2"
      },
      "engines": {
        "node": ">= 0.4"
      }
    },
    "node_modules/@wopee-io/wopee.pw/node_modules/follow-redirects": {
      "version": "1.16.0",
      "funding": [
        {
          "type": "individual",
          "url": "https://github.com/sponsors/RubenVerborgh"
        }
      ],
      "inBundle": true,
      "license": "MIT",
      "engines": {
        "node": ">=4.0"
      },
      "peerDependenciesMeta": {
        "debug": {
          "optional": true
        }
      }
    },
    "node_modules/@wopee-io/wopee.pw/node_modules/form-data": {
      "version": "4.0.6",
      "inBundle": true,
      "license": "MIT",
      "dependencies": {
        "asynckit": "^0.4.0",
        "combined-stream": "^1.0.8",
        "es-set-tostringtag": "^2.1.0",
        "hasown": "^2.0.4",
        "mime-types": "^2.1.35"
      },
      "engines": {
        "node": ">= 6"
      }
    },
    "node_modules/@wopee-io/wopee.pw/node_modules/function-bind": {
      "version": "1.1.2",
      "inBundle": true,
      "license": "MIT",
      "funding": {
        "url": "https://github.com/sponsors/ljharb"
      }
    },
    "node_modules/@wopee-io/wopee.pw/node_modules/get-intrinsic": {
      "version": "1.3.0",
      "inBundle": true,
      "license": "MIT",
      "dependencies": {
        "call-bind-apply-helpers": "^1.0.2",
        "es-define-property": "^1.0.1",
        "es-errors": "^1.3.0",
        "es-object-atoms": "^1.1.1",
        "function-bind": "^1.1.2",
        "get-proto": "^1.0.1",
        "gopd": "^1.2.0",
        "has-symbols": "^1.1.0",
        "hasown": "^2.0.2",
        "math-intrinsics": "^1.1.0"
      },
      "engines": {
        "node": ">= 0.4"
      },
      "funding": {
        "url": "https://github.com/sponsors/ljharb"
      }
    },
    "node_modules/@wopee-io/wopee.pw/node_modules/get-proto": {
      "version": "1.0.1",
      "inBundle": true,
      "license": "MIT",
      "dependencies": {
        "dunder-proto": "^1.0.1",
        "es-object-atoms": "^1.0.0"
      },
      "engines": {
        "node": ">= 0.4"
      }
    },
    "node_modules/@wopee-io/wopee.pw/node_modules/gopd": {
      "version": "1.2.0",
      "inBundle": true,
      "license": "MIT",
      "engines": {
        "node": ">= 0.4"
      },
      "funding": {
        "url": "https://github.com/sponsors/ljharb"
      }
    },
    "node_modules/@wopee-io/wopee.pw/node_modules/has-symbols": {
      "version": "1.1.0",
      "inBundle": true,
      "license": "MIT",
      "engines": {
        "node": ">= 0.4"
      },
      "funding": {
        "url": "https://github.com/sponsors/ljharb"
      }
    },
    "node_modules/@wopee-io/wopee.pw/node_modules/has-tostringtag": {
      "version": "1.0.2",
      "inBundle": true,
      "license": "MIT",
      "dependencies": {
        "has-symbols": "^1.0.3"
      },
      "engines": {
        "node": ">= 0.4"
      },
      "funding": {
        "url": "https://github.com/sponsors/ljharb"
      }
    },
    "node_modules/@wopee-io/wopee.pw/node_modules/hasown": {
      "version": "2.0.4",
      "inBundle": true,
      "license": "MIT",
      "dependencies": {
        "function-bind": "^1.1.2"
      },
      "engines": {
        "node": ">= 0.4"
      }
    },
    "node_modules/@wopee-io/wopee.pw/node_modules/http-proxy-agent": {
      "version": "7.0.2",
      "inBundle": true,
      "license": "MIT",
      "dependencies": {
        "agent-base": "^7.1.0",
        "debug": "^4.3.4"
      },
      "engines": {
        "node": ">= 14"
      }
    },
    "node_modules/@wopee-io/wopee.pw/node_modules/https-proxy-agent": {
      "version": "7.0.6",
      "inBundle": true,
      "license": "MIT",
      "dependencies": {
        "agent-base": "^7.1.2",
        "debug": "4"
      },
      "engines": {
        "node": ">= 14"
      }
    },
    "node_modules/@wopee-io/wopee.pw/node_modules/lodash": {
      "version": "4.18.1",
      "inBundle": true,
      "license": "MIT"
    },
    "node_modules/@wopee-io/wopee.pw/node_modules/math-intrinsics": {
      "version": "1.1.0",
      "inBundle": true,
      "license": "MIT",
      "engines": {
        "node": ">= 0.4"
      }
    },
    "node_modules/@wopee-io/wopee.pw/node_modules/mime-db": {
      "version": "1.52.0",
      "inBundle": true,
      "license": "MIT",
      "engines": {
        "node": ">= 0.6"
      }
    },
    "node_modules/@wopee-io/wopee.pw/node_modules/mime-types": {
      "version": "2.1.35",
      "inBundle": true,
      "license": "MIT",
      "dependencies": {
        "mime-db": "1.52.0"
      },
      "engines": {
        "node": ">= 0.6"
      }
    },
    "node_modules/@wopee-io/wopee.pw/node_modules/ms": {
      "version": "2.1.3",
      "inBundle": true,
      "license": "MIT"
    },
    "node_modules/@wopee-io/wopee.pw/node_modules/proxy-from-env": {
      "version": "2.1.0",
      "inBundle": true,
      "license": "MIT",
      "engines": {
        "node": ">=10"
      }
    },
    "node_modules/@wopee-io/wopee.pw/node_modules/zod": {
      "version": "3.25.76",
      "inBundle": true,
      "license": "MIT",
      "funding": {
        "url": "https://github.com/sponsors/colinhacks"
      }
    },
    "node_modules/dotenv": {
      "version": "16.6.1",
      "resolved": "https://registry.npmjs.org/dotenv/-/dotenv-16.6.1.tgz",
      "integrity": "sha512-uBq4egWHTcTt33a72vpSG0z3HnPuIl6NqYcTrKEg2azoEyl2hpW0zqlxysq2pK9HlDIHyHyakeYaYnSAwd8bow==",
      "license": "BSD-2-Clause",
      "engines": {
        "node": ">=12"
      },
      "funding": {
        "url": "https://dotenvx.com"
      }
    },
    "node_modules/fsevents": {
      "version": "2.3.2",
      "resolved": "https://registry.npmjs.org/fsevents/-/fsevents-2.3.2.tgz",
      "integrity": "sha512-xiqMQR4xAeHTuB9uWm+fFRcIOgKBMiOBP+eXiyT7jsgVCq1bkVygt00oASowB7EdtpOHaaPgKt812P9ab+DDKA==",
      "hasInstallScript": true,
      "license": "MIT",
      "optional": true,
      "os": [
        "darwin"
      ],
      "engines": {
        "node": "^8.16.0 || ^10.6.0 || >=11.0.0"
      }
    },
    "node_modules/playwright": {
      "version": "1.62.1",
      "resolved": "https://registry.npmjs.org/playwright/-/playwright-1.62.1.tgz",
      "integrity": "sha512-0M+L3LAD8/nm554LOla9Ayx0j0tmFZ0FBcoQ7F1VuVHpM/XpiC8RcDzBQB8W5+hA8L22THxELzeF+2WcUzvcLg==",
      "license": "Apache-2.0",
      "dependencies": {
        "playwright-core": "1.62.1"
      },
      "bin": {
        "playwright": "cli.js"
      },
      "engines": {
        "node": ">=20"
      },
      "optionalDependencies": {
        "fsevents": "2.3.2"
      }
    },
    "node_modules/playwright-core": {
      "version": "1.62.1",
      "resolved": "https://registry.npmjs.org/playwright-core/-/playwright-core-1.62.1.tgz",
      "integrity": "sha512-wPYSwEBJY9GHraISXqyqtx0na0LpO3XEX7jNDhntbex7tzUS7kLnZsOlFruFJB4Hi/rhDMjXGqHewDZ68nYZVw==",
      "license": "Apache-2.0",
      "bin": {
        "playwright-core": "cli.js"
      },
      "engines": {
        "node": ">=20"
      }
    },
    "node_modules/typescript": {
      "version": "5.9.3",
      "resolved": "https://registry.npmjs.org/typescript/-/typescript-5.9.3.tgz",
      "integrity": "sha512-jl1vZzPDinLr9eUt3J/t7V6FgNEw9QjvBPdysz9KfQDD41fQrC2Y4vKQdiaUpFT4bXlb1RHhLpp8wtm6M5TgSw==",
      "license": "Apache-2.0",
      "bin": {
        "tsc": "bin/tsc",
        "tsserver": "bin/tsserver"
      },
      "engines": {
        "node": ">=14.17"
      }
    },
    "node_modules/undici-types": {
      "version": "7.18.2",
      "resolved": "https://registry.npmjs.org/undici-types/-/undici-types-7.18.2.tgz",
      "integrity": "sha512-AsuCzffGHJybSaRrmr5eHr81mwJU3kjw6M+uprWvCXiNeN9SOGwQ3Jn8jb8m3Z6izVgknn1R0FTCEAP2QrLY/w==",
      "dev": true,
      "license": "MIT"
    }
  }
}
